{
  "lockfileVersion": 2,
  "configVersion": 0,
  "workspaces": {
    "": {
      "name": "uplot",
      "devDependencies": {
        "@happy-dom/global-registrator": "^20.14.5",
        "@istanbuljs/load-nyc-config": "^1.1.0",
        "@rollup/plugin-terser": "^1.0.0",
        "happy-dom": "^20.14.5",
        "istanbul-lib-coverage": "^3.2.2",
        "istanbul-lib-instrument": "^6.0.3",
        "istanbul-lib-report": "^3.0.1",
        "istanbul-reports": "^3.2.0",
        "json-stringify-pretty-compact": "^4.0.0",
        "mocha": "^12.0.2",
        "rollup": "^4.63.4",
        "test-exclude": "^8.0.0",
      },
    },
  },
  "packages": {
    "@babel/code-frame": ["@babel/code-frame@7.29.7", "", { "dependencies": { "@babel/helper-validator-identifier": "^7.29.7", "js-tokens": "^4.0.0", "picocolors": "^1.1.1" } }, ""],

    "@babel/compat-data": ["@babel/compat-data@7.29.7", "", {}, ""],

    "@babel/core": ["@babel/core@7.29.7", "", { "dependencies": { "@babel/code-frame": "^7.29.7", "@babel/generator": "^7.29.7", "@babel/helper-compilation-targets": "^7.29.7", "@babel/helper-module-transforms": "^7.29.7", "@babel/helpers": "^7.29.7", "@babel/parser": "^7.29.7", "@babel/template": "^7.29.7", "@babel/traverse": "^7.29.7", "@babel/types": "^7.29.7", "@jridgewell/remapping": "^2.3.5", "convert-source-map": "^2.0.0", "debug": "^4.1.0", "gensync": "^1.0.0-beta.2", "json5": "^2.2.3", "semver": "^6.3.1" } }, ""],

    "@babel/generator": ["@babel/generator@7.29.8", "", { "dependencies": { "@babel/parser": "^7.29.8", "@babel/types": "^7.29.8", "@jridgewell/gen-mapping": "^0.3.12", "@jridgewell/trace-mapping": "^0.3.28", "jsesc": "^3.0.2" } }, ""],

    "@babel/helper-compilation-targets": ["@babel/helper-compilation-targets@7.29.7", "", { "dependencies": { "@babel/compat-data": "^7.29.7", "@babel/helper-validator-option": "^7.29.7", "browserslist": "^4.24.0", "lru-cache": "^5.1.1", "semver": "^6.3.1" } }, ""],

    "@babel/helper-globals": ["@babel/helper-globals@7.29.7", "", {}, ""],

    "@babel/helper-module-imports": ["@babel/helper-module-imports@7.29.7", "", { "dependencies": { "@babel/traverse": "^7.29.7", "@babel/types": "^7.29.7" } }, ""],

    "@babel/helper-module-transforms": ["@babel/helper-module-transforms@7.29.7", "", { "dependencies": { "@babel/helper-module-imports": "^7.29.7", "@babel/helper-validator-identifier": "^7.29.7", "@babel/traverse": "^7.29.7" }, "peerDependencies": { "@babel/core": "^7.0.0" } }, ""],

    "@babel/helper-string-parser": ["@babel/helper-string-parser@7.29.7", "", {}, ""],

    "@babel/helper-validator-identifier": ["@babel/helper-validator-identifier@7.29.7", "", {}, ""],

    "@babel/helper-validator-option": ["@babel/helper-validator-option@7.29.7", "", {}, ""],

    "@babel/helpers": ["@babel/helpers@7.29.7", "", { "dependencies": { "@babel/template": "^7.29.7", "@babel/types": "^7.29.7" } }, ""],

    "@babel/parser": ["@babel/parser@7.29.8", "", { "dependencies": { "@babel/types": "^7.29.8" }, "bin": { "parser": "bin/babel-parser.js" } }, ""],

    "@babel/template": ["@babel/template@7.29.7", "", { "dependencies": { "@babel/code-frame": "^7.29.7", "@babel/parser": "^7.29.7", "@babel/types": "^7.29.7" } }, ""],

    "@babel/traverse": ["@babel/traverse@7.29.8", "", { "dependencies": { "@babel/code-frame": "^7.29.7", "@babel/generator": "^7.29.8", "@babel/helper-globals": "^7.29.7", "@babel/parser": "^7.29.8", "@babel/template": "^7.29.7", "@babel/types": "^7.29.8", "debug": "^4.3.1" } }, ""],

    "@babel/types": ["@babel/types@7.29.8", "", { "dependencies": { "@babel/helper-string-parser": "^7.29.7", "@babel/helper-validator-identifier": "^7.29.7" } }, ""],

    "@happy-dom/global-registrator": ["@happy-dom/global-registrator@20.14.5", "", { "dependencies": { "@types/node": ">=20.0.0", "happy-dom": "^20.14.5" } }, ""],

    "@istanbuljs/load-nyc-config": ["@istanbuljs/load-nyc-config@1.1.0", "", { "dependencies": { "camelcase": "^5.3.1", "find-up": "^4.1.0", "get-package-type": "^0.1.0", "js-yaml": "^3.13.1", "resolve-from": "^5.0.0" } }, ""],

    "@istanbuljs/schema": ["@istanbuljs/schema@0.1.6", "", {}, ""],

    "@jridgewell/gen-mapping": ["@jridgewell/gen-mapping@0.3.13", "", { "dependencies": { "@jridgewell/sourcemap-codec": "^1.5.0", "@jridgewell/trace-mapping": "^0.3.24" } }, ""],

    "@jridgewell/remapping": ["@jridgewell/remapping@2.3.5", "", { "dependencies": { "@jridgewell/gen-mapping": "^0.3.5", "@jridgewell/trace-mapping": "^0.3.24" } }, ""],

    "@jridgewell/resolve-uri": ["@jridgewell/resolve-uri@3.1.2", "", {}, ""],

    "@jridgewell/source-map": ["@jridgewell/source-map@0.3.11", "", { "dependencies": { "@jridgewell/gen-mapping": "^0.3.5", "@jridgewell/trace-mapping": "^0.3.25" } }, ""],

    "@jridgewell/sourcemap-codec": ["@jridgewell/sourcemap-codec@1.6.0", "", {}, ""],

    "@jridgewell/trace-mapping": ["@jridgewell/trace-mapping@0.3.31", "", { "dependencies": { "@jridgewell/resolve-uri": "^3.1.0", "@jridgewell/sourcemap-codec": "^1.4.14" } }, ""],

    "@napi-rs/lzma-linux-x64-gnu": ["@napi-rs/lzma-linux-x64-gnu@1.5.1", "", { "os": "linux", "cpu": "x64" }, ""],

    "@rollup/plugin-terser": ["@rollup/plugin-terser@1.0.0", "", { "dependencies": { "serialize-javascript": "^7.0.3", "smob": "^1.0.0", "terser": "^5.17.4" }, "peerDependencies": { "rollup": "^2.0.0||^3.0.0||^4.0.0" }, "optionalPeers": ["rollup"] }, ""],

    "@rollup/rollup-android-arm-eabi": ["@rollup/rollup-android-arm-eabi@4.63.4", "", { "os": "android", "cpu": "arm" }, "sha512-I+BSHzTAhKN2n7ZwGZsegGcZjDpLqFOMAtJz/u6uFGe0pUFbq56dEHjqJV/ZUdRJtNXNxA+hREUatZBvMR3Oiw=="],

    "@rollup/rollup-android-arm64": ["@rollup/rollup-android-arm64@4.63.4", "", { "os": "android", "cpu": "arm64" }, "sha512-pu3BdjS2LtEzRu2elmGzS3fIeWSZy4BMDIaLNwjorO76+k2d0LMluijhsDx3KQyQBQ/lLUZCQA9/s6csvUfuhw=="],

    "@rollup/rollup-darwin-arm64": ["@rollup/rollup-darwin-arm64@4.63.4", "", { "os": "darwin", "cpu": "arm64" }, "sha512-xfSrj9MHnWK9GaSqT9U0ImHtH/N8WZlHLx4cZHiuLcqs640hvZ3hLPd5UR2AZS57FaE8HrRUSpltbZdWRxHiDA=="],

    "@rollup/rollup-darwin-x64": ["@rollup/rollup-darwin-x64@4.63.4", "", { "os": "darwin", "cpu": "x64" }, "sha512-bqU99PLJb/dqb3S0GIMdeuyAEETSUgZBoqXYd3Sd+WCsV+MmPhnN6JrotWyir31+QgH7EvvE5/mwGJlEoci8Fw=="],

    "@rollup/rollup-freebsd-arm64": ["@rollup/rollup-freebsd-arm64@4.63.4", "", { "os": "freebsd", "cpu": "arm64" }, "sha512-JinsFZ5G40oXQb+sUuiA5x689vhr6dDYK0H0NL+rwKdL6CqnmYN8PE4ZwfRSoIjrCxqTQG/SLfTtSvHeGxoVlw=="],

    "@rollup/rollup-freebsd-x64": ["@rollup/rollup-freebsd-x64@4.63.4", "", { "os": "freebsd", "cpu": "x64" }, "sha512-GAdA4UxpiNm27cLHr2GqXBpAD0x9FqwYBY7/YSP0Ss0/PNi4k8gbviqpIpYbVSRBaS2ZcegXEzgTQMbRNCwxCw=="],

    "@rollup/rollup-linux-arm-gnueabihf": ["@rollup/rollup-linux-arm-gnueabihf@4.63.4", "", { "os": "linux", "cpu": "arm" }, "sha512-qDd6NoA1znaLjp4jR5U/KWCdLAKDJNB8W9ChbbDaKbo0xA+Atln5HK6LFCZ4oJQpemtRZA288DCirFRjrspptw=="],

    "@rollup/rollup-linux-arm-musleabihf": ["@rollup/rollup-linux-arm-musleabihf@4.63.4", "", { "os": "linux", "cpu": "arm" }, "sha512-WtB5Tz5KTNINb8ZA+8sQ7bmjuS1JrRT7YverYIhUGdWWDlpzVWmIwuZE+jidkEXUn1l0zrEkaIMa8dHF3NGcsA=="],

    "@rollup/rollup-linux-arm64-gnu": ["@rollup/rollup-linux-arm64-gnu@4.63.4", "", { "os": "linux", "cpu": "arm64" }, "sha512-VcQ3L1tjnkKzWjryAVaFhHEWcqOfICX9uxVVoDzm2t0DpgKRHd2zOpVrJc0xsWeBZcBFyYROCIBdyR/fS174pg=="],

    "@rollup/rollup-linux-arm64-musl": ["@rollup/rollup-linux-arm64-musl@4.63.4", "", { "os": "linux", "cpu": "arm64" }, "sha512-6+ZQX6P5s0cMDN2Ypb8Lbm2+/sZYmZjdaYny992ujUU9UKi/4CWoJWsl1pNvjWJHNHGK51m+jKGLlh1ylb2ifQ=="],

    "@rollup/rollup-linux-loong64-gnu": ["@rollup/rollup-linux-loong64-gnu@4.63.4", "", { "os": "linux", "cpu": "none" }, "sha512-D72ZnvkFkBXOfzMMQLcwfPLyGkKb7HZ9/mf97B7v6/P5Lbv4oFOtSY/uHbS8lH6uKUOxoKiuokdb50XZSzzbJw=="],

    "@rollup/rollup-linux-loong64-musl": ["@rollup/rollup-linux-loong64-musl@4.63.4", "", { "os": "linux", "cpu": "none" }, "sha512-piU6BxeqA3O9KSu3kRCIQQtNqFFaTu21SEV4FwaRZowpnj3bLaWPZHw+xFqCs0XlJ+aOH3PTRWGoglH+mKA/OA=="],

    "@rollup/rollup-linux-ppc64-gnu": ["@rollup/rollup-linux-ppc64-gnu@4.63.4", "", { "os": "linux", "cpu": "ppc64" }, "sha512-/5PGpHwqt2EEEOUs1XwzubE/ucr0dWDQ+to3zqi4Ds7EWpwtQ79wXc4JBoxqj/OwpawTsKWzJxHfSuBOq3DrWA=="],

    "@rollup/rollup-linux-ppc64-musl": ["@rollup/rollup-linux-ppc64-musl@4.63.4", "", { "os": "linux", "cpu": "ppc64" }, "sha512-cX3beZDLWt7G2oJF+nhChiT+qtaihs+S2xi7ziGmVB+2pwPng6D0Ed0HmElQOgv2UsUmSJJLGwpBao/3TDx3VA=="],

    "@rollup/rollup-linux-riscv64-gnu": ["@rollup/rollup-linux-riscv64-gnu@4.63.4", "", { "os": "linux", "cpu": "none" }, "sha512-1uz2mGWHyptR7DgHHrlbdRAjXK7v7elGZ9lMja910/RP+ZYbX6xAmCiU9UZSX4hqmgtHMv6lr5l3kq1HIOpcag=="],

    "@rollup/rollup-linux-riscv64-musl": ["@rollup/rollup-linux-riscv64-musl@4.63.4", "", { "os": "linux", "cpu": "none" }, "sha512-nLS8topojxyz7SRpKR2IODRpQ0XPZ+xaOXvT3+hqK/Uy8Lo5HFgkkIBiIrCu5tL5YqzTvgovGw55PwpahTAGig=="],

    "@rollup/rollup-linux-s390x-gnu": ["@rollup/rollup-linux-s390x-gnu@4.63.4", "", { "os": "linux", "cpu": "s390x" }, "sha512-gs7DRKotr3l3q+jGPQBjH0ng1FjlEDm5ueQrkw5JtQvtLyEIcLASqAEaor56BhkKRzk+IcQzrcanBdb/bBQn8g=="],

    "@rollup/rollup-linux-x64-gnu": ["@rollup/rollup-linux-x64-gnu@4.63.4", "", { "os": "linux", "cpu": "x64" }, "sha512-791ET7W17NnScOZM7h4dX5hYspxE28htPFsb1awY/NRR8+PRNkS53e475rDdxXXDrP+kwnCcNWg9CX5ztn/Aqw=="],

    "@rollup/rollup-linux-x64-musl": ["@rollup/rollup-linux-x64-musl@4.63.4", "", { "os": "linux", "cpu": "x64" }, "sha512-iwZQRcmj7g88g3tzefIrQY7qvmuA/cfYwhrDtTBhsmukO4U2huVO5W+86XacUMRvdSFVAc6kZUZy21JaRwiB9w=="],

    "@rollup/rollup-openbsd-x64": ["@rollup/rollup-openbsd-x64@4.63.4", "", { "os": "openbsd", "cpu": "x64" }, "sha512-dVHFp9gRWrdTpnqQuGfCwd7hOQDatK1VCP2iWhLY/cGrOQs/ucFzJ6A5SRqbXX12ZDI8EUuejSM5kwg+ja7Png=="],

    "@rollup/rollup-openharmony-arm64": ["@rollup/rollup-openharmony-arm64@4.63.4", "", { "os": "none", "cpu": "arm64" }, "sha512-t3NlauOW6gxZVVFcBEnO62Cb4wbyDFL416gTg1uFI/2tgqYQlf69FbSE115Ajre9I+c26Lk4mcmdFUsS/DGifQ=="],

    "@rollup/rollup-win32-arm64-msvc": ["@rollup/rollup-win32-arm64-msvc@4.63.4", "", { "os": "win32", "cpu": "arm64" }, "sha512-xWuIaSye5FWZF8+UYtVEcHtRJDN5kN9Kfgxx3Kq8XIov9KSKbc1fiqQCm90SKrgQbUXZelbnUhnlUJmfSE7P9A=="],

    "@rollup/rollup-win32-ia32-msvc": ["@rollup/rollup-win32-ia32-msvc@4.63.4", "", { "os": "win32", "cpu": "ia32" }, "sha512-9ALJJUOg/ZflMJepVo2PlgsGxSaxN7SQ4Z8GoZfVlarWr6r3rkHUNsd/zAio7p4YMtChSMXPionxej4Hkf6CXQ=="],

    "@rollup/rollup-win32-x64-gnu": ["@rollup/rollup-win32-x64-gnu@4.63.4", "", { "os": "win32", "cpu": "x64" }, "sha512-blj9z5qx/Pv4WU0W1NMFDB97e0JH5ed+aZGywW8WCvp/NhWX/4PFAq5uu6Q0AebNn+Vo6KzUYDT++JzTT5ojlQ=="],

    "@rollup/rollup-win32-x64-msvc": ["@rollup/rollup-win32-x64-msvc@4.63.4", "", { "os": "win32", "cpu": "x64" }, "sha512-Erx822VRBwLa124shbj+wNXe//BOgMEctDV0m1aqTQdNO1S69DgNUCFKC1RCeZfixs1J31l6igk1ziyXErbigQ=="],

    "@types/estree": ["@types/estree@1.0.9", "", {}, ""],

    "@types/node": ["@types/node@22.20.3", "", { "dependencies": { "undici-types": "~6.21.0" } }, ""],

    "@types/whatwg-mimetype": ["@types/whatwg-mimetype@3.0.2", "", {}, ""],

    "@types/ws": ["@types/ws@8.18.1", "", { "dependencies": { "@types/node": "*" } }, ""],

    "acorn": ["acorn@8.18.0", "", { "bin": "bin/acorn" }, ""],

    "argparse": ["argparse@1.0.10", "", { "dependencies": { "sprintf-js": "~1.0.2" } }, ""],

    "balanced-match": ["balanced-match@4.0.4", "", {}, ""],

    "baseline-browser-mapping": ["baseline-browser-mapping@2.11.24", "", { "bin": "dist/cli.cjs" }, ""],

    "brace-expansion": ["brace-expansion@5.0.12", "", { "dependencies": { "balanced-match": "^4.0.2" } }, ""],

    "browser-stdout": ["browser-stdout@1.3.1", "", {}, ""],

    "browserslist": ["browserslist@4.29.0", "", { "dependencies": { "baseline-browser-mapping": "^2.11.23", "caniuse-lite": "^1.0.30001810", "electron-to-chromium": "^1.5.427", "node-releases": "^2.0.55", "update-browserslist-db": "^1.3.3" }, "bin": "cli.js" }, ""],

    "buffer-from": ["buffer-from@1.1.2", "", {}, ""],

    "buffer-image-size": ["buffer-image-size@0.6.4", "", { "dependencies": { "@types/node": "*" } }, ""],

    "camelcase": ["camelcase@5.3.1", "", {}, ""],

    "caniuse-lite": ["caniuse-lite@1.0.30001810", "", {}, ""],

    "chokidar": ["chokidar@5.0.0", "", { "dependencies": { "readdirp": "^5.0.0" } }, ""],

    "commander": ["commander@2.20.3", "", {}, ""],

    "convert-source-map": ["convert-source-map@2.0.0", "", {}, ""],

    "debug": ["debug@4.4.3", "", { "dependencies": { "ms": "^2.1.3" } }, ""],

    "diff": ["diff@9.0.0", "", {}, ""],

    "electron-to-chromium": ["electron-to-chromium@1.5.429", "", {}, ""],

    "entities": ["entities@7.0.1", "", {}, ""],

    "escalade": ["escalade@3.2.0", "", {}, ""],

    "esprima": ["esprima@4.0.1", "", { "bin": { "esparse": "bin/esparse.js", "esvalidate": "bin/esvalidate.js" } }, ""],

    "find-up": ["find-up@4.1.0", "", { "dependencies": { "locate-path": "^5.0.0", "path-exists": "^4.0.0" } }, ""],

    "find-up-simple": ["find-up-simple@1.0.1", "", {}, ""],

    "fsevents": ["fsevents@2.3.3", "", { "os": "darwin" }, "sha512-5xoDfX+fL7faATnagmWPpbFtwh/R77WmMMqqHGS65C3vvB0YHrgF+B1YmZ3441tMj5n63k0212XNoJwzlhffQw=="],

    "gensync": ["gensync@1.0.0-beta.2", "", {}, ""],

    "get-package-type": ["get-package-type@0.1.0", "", {}, ""],

    "glob": ["glob@13.0.6", "", { "dependencies": { "minimatch": "^10.2.2", "minipass": "^7.1.3", "path-scurry": "^2.0.2" } }, ""],

    "happy-dom": ["happy-dom@20.14.5", "", { "dependencies": { "@types/node": ">=20.0.0", "@types/whatwg-mimetype": "^3.0.2", "@types/ws": "^8.18.1", "buffer-image-size": "^0.6.4", "entities": "^7.0.1", "whatwg-mimetype": "^3.0.0", "ws": "^8.21.0" } }, ""],

    "has-flag": ["has-flag@4.0.0", "", {}, ""],

    "html-escaper": ["html-escaper@2.0.2", "", {}, ""],

    "is-path-inside": ["is-path-inside@4.0.0", "", {}, ""],

    "is-unicode-supported": ["is-unicode-supported@0.1.0", "", {}, ""],

    "istanbul-lib-coverage": ["istanbul-lib-coverage@3.2.2", "", {}, ""],

    "istanbul-lib-instrument": ["istanbul-lib-instrument@6.0.3", "", { "dependencies": { "@babel/core": "^7.23.9", "@babel/parser": "^7.23.9", "@istanbuljs/schema": "^0.1.3", "istanbul-lib-coverage": "^3.2.0", "semver": "^7.5.4" } }, ""],

    "istanbul-lib-report": ["istanbul-lib-report@3.0.1", "", { "dependencies": { "istanbul-lib-coverage": "^3.0.0", "make-dir": "^4.0.0", "supports-color": "^7.1.0" } }, ""],

    "istanbul-reports": ["istanbul-reports@3.2.0", "", { "dependencies": { "html-escaper": "^2.0.0", "istanbul-lib-report": "^3.0.0" } }, ""],

    "js-tokens": ["js-tokens@4.0.0", "", {}, ""],

    "js-yaml": ["js-yaml@3.15.2", "", { "dependencies": { "argparse": "^1.0.7", "esprima": "^4.0.0" }, "bin": "bin/js-yaml.js" }, ""],

    "jsesc": ["jsesc@3.1.0", "", { "bin": "bin/jsesc" }, ""],

    "json-stringify-pretty-compact": ["json-stringify-pretty-compact@4.0.0", "", {}, ""],

    "json5": ["json5@2.2.3", "", { "bin": "lib/cli.js" }, ""],

    "locate-path": ["locate-path@5.0.0", "", { "dependencies": { "p-locate": "^4.1.0" } }, ""],

    "lru-cache": ["lru-cache@5.1.1", "", { "dependencies": { "yallist": "^3.0.2" } }, ""],

    "make-dir": ["make-dir@4.0.0", "", { "dependencies": { "semver": "^7.5.3" } }, ""],

    "minimatch": ["minimatch@10.2.6", "", { "dependencies": { "brace-expansion": "^5.0.8" } }, ""],

    "minipass": ["minipass@7.1.3", "", {}, ""],

    "mocha": ["mocha@12.0.2", "", { "dependencies": { "browser-stdout": "^1.3.1", "chokidar": "^5.0.0", "debug": "^4.3.5", "diff": "^9.0.0", "find-up-simple": "^1.0.1", "glob": "^13.0.0", "is-path-inside": "^4.0.0", "is-unicode-supported": "^0.1.0", "js-yaml": "^5.0.0", "minimatch": "^10.2.2", "ms": "^2.1.3", "picocolors": "^1.1.1", "serialize-javascript": "^7.1.1", "strip-json-comments": "^5.0.3", "supports-color": "^8.1.1", "workerpool": "^10.0.0" }, "bin": "bin/mocha.js" }, ""],

    "ms": ["ms@2.1.3", "", {}, ""],

    "node-releases": ["node-releases@2.0.55", "", {}, ""],

    "p-limit": ["p-limit@2.3.0", "", { "dependencies": { "p-try": "^2.0.0" } }, ""],

    "p-locate": ["p-locate@4.1.0", "", { "dependencies": { "p-limit": "^2.2.0" } }, ""],

    "p-try": ["p-try@2.2.0", "", {}, ""],

    "path-exists": ["path-exists@4.0.0", "", {}, ""],

    "path-scurry": ["path-scurry@2.0.2", "", { "dependencies": { "lru-cache": "^11.0.0", "minipass": "^7.1.2" } }, ""],

    "picocolors": ["picocolors@1.1.1", "", {}, ""],

    "readdirp": ["readdirp@5.1.1", "", {}, ""],

    "resolve-from": ["resolve-from@5.0.0", "", {}, ""],

    "rollup": ["rollup@4.63.4", "", { "dependencies": { "@types/estree": "1.0.9" }, "optionalDependencies": { "@napi-rs/lzma-linux-x64-gnu": "1.5.1", "@rollup/rollup-android-arm-eabi": "4.63.4", "@rollup/rollup-android-arm64": "4.63.4", "@rollup/rollup-darwin-arm64": "4.63.4", "@rollup/rollup-darwin-x64": "4.63.4", "@rollup/rollup-freebsd-arm64": "4.63.4", "@rollup/rollup-freebsd-x64": "4.63.4", "@rollup/rollup-linux-arm-gnueabihf": "4.63.4", "@rollup/rollup-linux-arm-musleabihf": "4.63.4", "@rollup/rollup-linux-arm64-gnu": "4.63.4", "@rollup/rollup-linux-arm64-musl": "4.63.4", "@rollup/rollup-linux-loong64-gnu": "4.63.4", "@rollup/rollup-linux-loong64-musl": "4.63.4", "@rollup/rollup-linux-ppc64-gnu": "4.63.4", "@rollup/rollup-linux-ppc64-musl": "4.63.4", "@rollup/rollup-linux-riscv64-gnu": "4.63.4", "@rollup/rollup-linux-riscv64-musl": "4.63.4", "@rollup/rollup-linux-s390x-gnu": "4.63.4", "@rollup/rollup-linux-x64-gnu": "4.63.4", "@rollup/rollup-linux-x64-musl": "4.63.4", "@rollup/rollup-openbsd-x64": "4.63.4", "@rollup/rollup-openharmony-arm64": "4.63.4", "@rollup/rollup-win32-arm64-msvc": "4.63.4", "@rollup/rollup-win32-ia32-msvc": "4.63.4", "@rollup/rollup-win32-x64-gnu": "4.63.4", "@rollup/rollup-win32-x64-msvc": "4.63.4", "fsevents": "~2.3.2" }, "bin": "dist/bin/rollup" }, "sha512-4U0liVayNIoLp3GFl1FcI8561WepLnZ1rqfraGh7S9B3Ur5F9S283y8Futii7RUU2C/97tOBmBy7nYvhoiOpbQ=="],

    "semver": ["semver@7.8.5", "", { "bin": "bin/semver.js" }, ""],

    "serialize-javascript": ["serialize-javascript@7.1.1", "", {}, ""],

    "smob": ["smob@1.6.2", "", {}, ""],

    "source-map": ["source-map@0.6.1", "", {}, ""],

    "source-map-support": ["source-map-support@0.5.21", "", { "dependencies": { "buffer-from": "^1.0.0", "source-map": "^0.6.0" } }, ""],

    "sprintf-js": ["sprintf-js@1.0.3", "", {}, ""],

    "strip-json-comments": ["strip-json-comments@5.0.3", "", {}, ""],

    "supports-color": ["supports-color@7.2.0", "", { "dependencies": { "has-flag": "^4.0.0" } }, ""],

    "terser": ["terser@5.51.2", "", { "dependencies": { "@jridgewell/source-map": "^0.3.3", "acorn": "^8.15.0", "commander": "^2.20.0", "source-map-support": "~0.5.20" }, "bin": "bin/terser" }, ""],

    "test-exclude": ["test-exclude@8.0.0", "", { "dependencies": { "@istanbuljs/schema": "^0.1.2", "glob": "^13.0.6", "minimatch": "^10.2.2" } }, ""],

    "undici-types": ["undici-types@6.21.0", "", {}, ""],

    "update-browserslist-db": ["update-browserslist-db@1.3.3", "", { "dependencies": { "escalade": "^3.2.0", "picocolors": "^1.1.1" }, "peerDependencies": { "browserslist": ">= 4.21.0" }, "bin": "cli.js" }, ""],

    "whatwg-mimetype": ["whatwg-mimetype@3.0.0", "", {}, ""],

    "workerpool": ["workerpool@10.0.3", "", {}, ""],

    "ws": ["ws@8.21.3", "", { "peerDependencies": { "bufferutil": "^4.0.1", "utf-8-validate": ">=5.0.2" }, "optionalPeers": ["bufferutil", "utf-8-validate"] }, ""],

    "yallist": ["yallist@3.1.1", "", {}, ""],

    "@babel/core/semver": ["semver@6.3.1", "", { "bin": "bin/semver.js" }, ""],

    "@babel/helper-compilation-targets/semver": ["semver@6.3.1", "", { "bin": "bin/semver.js" }, ""],

    "mocha/js-yaml": ["js-yaml@5.4.2", "", { "dependencies": { "argparse": "^2.0.1" }, "bin": "bin/js-yaml.mjs" }, ""],

    "mocha/supports-color": ["supports-color@8.1.1", "", { "dependencies": { "has-flag": "^4.0.0" } }, ""],

    "path-scurry/lru-cache": ["lru-cache@11.5.2", "", {}, ""],

    "mocha/js-yaml/argparse": ["argparse@2.0.1", "", {}, ""],
  }
}
