{
  "lockfileVersion": 2,
  "configVersion": 1,
  "workspaces": {
    "": {
      "name": "uplot",
      "devDependencies": {
        "@happy-dom/global-registrator": "^20.14.5",
        "@istanbuljs/load-nyc-config": "^1.1.0",
        "@rollup/plugin-terser": "^1.0.0",
        "happy-dom": "^20.14.5",
        "istanbul-lib-coverage": "^3.2.2",
        "istanbul-lib-instrument": "^6.0.3",
        "istanbul-lib-report": "^3.0.1",
        "istanbul-reports": "^3.2.0",
        "json-stringify-pretty-compact": "^4.0.0",
        "mocha": "^12.0.2",
        "rollup": "^4.63.3",
        "test-exclude": "^8.0.0",
      },
    },
  },
  "packages": {
    "@babel/code-frame": ["@babel/code-frame@7.29.7", "", { "dependencies": { "@babel/helper-validator-identifier": "^7.29.7", "js-tokens": "^4.0.0", "picocolors": "^1.1.1" } }, "sha512-Aup7aUOfpbAUg2ROOJN6Iw5f9DMBlzu0mIkm/malLQFN/YQgO48wCj0Kxa3sEHJvPVFg7siR+qRInwXd2qhQKw=="],

    "@babel/compat-data": ["@babel/compat-data@7.29.7", "", {}, "sha512-locTkQyKvwIEgBzVrn8693ebc97F2U8ZHjbXwDXJ5Fn2TCpNwTlKcaKLkdHop5c/icOFE7qt7Q9JC5hnKNa6Gg=="],

    "@babel/core": ["@babel/core@7.29.7", "", { "dependencies": { "@babel/code-frame": "^7.29.7", "@babel/generator": "^7.29.7", "@babel/helper-compilation-targets": "^7.29.7", "@babel/helper-module-transforms": "^7.29.7", "@babel/helpers": "^7.29.7", "@babel/parser": "^7.29.7", "@babel/template": "^7.29.7", "@babel/traverse": "^7.29.7", "@babel/types": "^7.29.7", "@jridgewell/remapping": "^2.3.5", "convert-source-map": "^2.0.0", "debug": "^4.1.0", "gensync": "^1.0.0-beta.2", "json5": "^2.2.3", "semver": "^6.3.1" } }, "sha512-RgHBCvtjbOK2gXSNBNIkNoEc9qoVEtau3hj8gEqKQuL3HZAibKarWFEI3Lfm6EYKkLalOh8eSrj9b+ch9H/VBA=="],

    "@babel/generator": ["@babel/generator@7.29.8", "", { "dependencies": { "@babel/parser": "^7.29.8", "@babel/types": "^7.29.8", "@jridgewell/gen-mapping": "^0.3.12", "@jridgewell/trace-mapping": "^0.3.28", "jsesc": "^3.0.2" } }, "sha512-gZbepsdh3WDtgZKWL+vTPh71LSBrm/Y4/QDZBVCcYfmeTEEuoOYwlSy+G1StfJg+/Zy550u/3TATbm7qDbbMtg=="],

    "@babel/helper-compilation-targets": ["@babel/helper-compilation-targets@7.29.7", "", { "dependencies": { "@babel/compat-data": "^7.29.7", "@babel/helper-validator-option": "^7.29.7", "browserslist": "^4.24.0", "lru-cache": "^5.1.1", "semver": "^6.3.1" } }, "sha512-wem6WaBj4NaVYVdNhLPPVacES6ZJ+KBBfSkTMD3YZxbP3rm3Di85tJU5ljaUNhaOynt+Aj0xruhYuzQBt8n71g=="],

    "@babel/helper-globals": ["@babel/helper-globals@7.29.7", "", {}, "sha512-3nQVUAtvkKH9zahfWgw96Jc/uFOmjACE1kQz82E2lqWmHBgjzbNlsC22nuQTfahmWeQtTq5nQ/4Nnd2A1wj4zA=="],

    "@babel/helper-module-imports": ["@babel/helper-module-imports@7.29.7", "", { "dependencies": { "@babel/traverse": "^7.29.7", "@babel/types": "^7.29.7" } }, "sha512-ejHwrQQYcm9xnTivShn2IDOlIzInN34AXskvq9QicvCtEzq1Vzclu/tKF8Jq1Cg8JG2GL6/EmjgsCT7lXepE3g=="],

    "@babel/helper-module-transforms": ["@babel/helper-module-transforms@7.29.7", "", { "dependencies": { "@babel/helper-module-imports": "^7.29.7", "@babel/helper-validator-identifier": "^7.29.7", "@babel/traverse": "^7.29.7" }, "peerDependencies": { "@babel/core": "^7.0.0" } }, "sha512-UPUVSyXbOh627KiCIGQSgwWzGeBKLkaJ9PJEdrngIwMSzxLR4jS4+f1f1jb7VzBbg8nFLaYotvVPFCTqdrmTAg=="],

    "@babel/helper-string-parser": ["@babel/helper-string-parser@7.29.7", "", {}, "sha512-Pb5ijPrZ89GDH8223L4UP8i6QApWxs04RbPQJTeWDV0/keR2E36MeKnyr6LYmUUvqRRI+Iv87SuF1W6ErINzYw=="],

    "@babel/helper-validator-identifier": ["@babel/helper-validator-identifier@7.29.7", "", {}, "sha512-qehxGkRj55h/ff8EMaJ+cYhyaKlHIxqYDn682wQD7RNp9UujOQsHog2uS0r2vzr4pW+sXf90NeeayjcNaX3fFg=="],

    "@babel/helper-validator-option": ["@babel/helper-validator-option@7.29.7", "", {}, "sha512-N9ZErrD+yW5geCDtBqnOoxmR8+tNKiGuxKlDpuJxfsqpa2dFcexaziGAE/qoHLiDDreVNMupxGmSoNlyvsA3gw=="],

    "@babel/helpers": ["@babel/helpers@7.29.7", "", { "dependencies": { "@babel/template": "^7.29.7", "@babel/types": "^7.29.7" } }, "sha512-1k2lAGRMfHTcwuNYcCNUmaUffmQv8KWMfh2iJUUeRlwlwH4FdNG7mfPI10NPfLHJFThE4Tyr4mv7kTNZOiPuBg=="],

    "@babel/parser": ["@babel/parser@7.29.8", "", { "dependencies": { "@babel/types": "^7.29.8" }, "bin": "./bin/babel-parser.js" }, "sha512-E8lTAYNB1KW+FH+VGJuZM1ioAx2E6oVlvQFRrf5P8ZZmsiJXYAD9vTFV7yyEURNzgh1dFqMZuO6tUwcARbqFCA=="],

    "@babel/template": ["@babel/template@7.29.7", "", { "dependencies": { "@babel/code-frame": "^7.29.7", "@babel/parser": "^7.29.7", "@babel/types": "^7.29.7" } }, "sha512-puq+Gf35oI24FeN11LkoUQFqv9uwNeWpxXZi/Ji3rRIoKAzKnxRaZ+Gkj0vKS9ZCiTESfng1N9LyOyXvo+m+Gg=="],

    "@babel/traverse": ["@babel/traverse@7.29.8", "", { "dependencies": { "@babel/code-frame": "^7.29.7", "@babel/generator": "^7.29.8", "@babel/helper-globals": "^7.29.7", "@babel/parser": "^7.29.8", "@babel/template": "^7.29.7", "@babel/types": "^7.29.8", "debug": "^4.3.1" } }, "sha512-I5z7H3bf/41ktsNVLtpN0wAa336HkqIHQ5BuPLEhTkt1jVSyZpeNKIzTgEWmlxjdg81R0IgUCcaE+Ok3NvrfZg=="],

    "@babel/types": ["@babel/types@7.29.8", "", { "dependencies": { "@babel/helper-string-parser": "^7.29.7", "@babel/helper-validator-identifier": "^7.29.7" } }, "sha512-Vj1jF3cPfxg7OAfoI7QnVKLoILlm2JF9pnVHrX8qx7AHMiYWT+NDAA7jChlNgRS4WTLc/fD1lXLmPixluj+3Gg=="],

    "@happy-dom/global-registrator": ["@happy-dom/global-registrator@20.14.5", "", { "dependencies": { "@types/node": ">=20.0.0", "happy-dom": "^20.14.5" } }, "sha512-B05ID9DhSwLs6mlm1fzlkAtTIvB3duCvjJjfr19LBrlTK7VZtRjDqoTRIVv13GuYuNdhByu8LSZgThwV3Rkj7g=="],

    "@istanbuljs/load-nyc-config": ["@istanbuljs/load-nyc-config@1.1.0", "", { "dependencies": { "camelcase": "^5.3.1", "find-up": "^4.1.0", "get-package-type": "^0.1.0", "js-yaml": "^3.13.1", "resolve-from": "^5.0.0" } }, "sha512-VjeHSlIzpv/NyD3N0YuHfXOPDIixcA1q2ZV98wsMqcYlPmv2n3Yb2lYP9XMElnaFVXg5A7YLTeLu6V84uQDjmQ=="],

    "@istanbuljs/schema": ["@istanbuljs/schema@0.1.6", "", {}, "sha512-+Sg6GCR/wy1oSmQDFq4LQDAhm3ETKnorxN+y5nbLULOR3P0c14f2Wurzj3/xqPXtasLFfHd5iRFQ7AJt4KH2cw=="],

    "@jridgewell/gen-mapping": ["@jridgewell/gen-mapping@0.3.13", "", { "dependencies": { "@jridgewell/sourcemap-codec": "^1.5.0", "@jridgewell/trace-mapping": "^0.3.24" } }, "sha512-2kkt/7niJ6MgEPxF0bYdQ6etZaA+fQvDcLKckhy1yIQOzaoKjBBjSj63/aLVjYE3qhRt5dvM+uUyfCg6UKCBbA=="],

    "@jridgewell/remapping": ["@jridgewell/remapping@2.3.5", "", { "dependencies": { "@jridgewell/gen-mapping": "^0.3.5", "@jridgewell/trace-mapping": "^0.3.24" } }, "sha512-LI9u/+laYG4Ds1TDKSJW2YPrIlcVYOwi2fUC6xB43lueCjgxV4lffOCZCtYFiH6TNOX+tQKXx97T4IKHbhyHEQ=="],

    "@jridgewell/resolve-uri": ["@jridgewell/resolve-uri@3.1.2", "", {}, "sha512-bRISgCIjP20/tbWSPWMEi54QVPRZExkuD9lJL+UIxUKtwVJA8wW1Trb1jMs1RFXo1CBTNZ/5hpC9QvmKWdopKw=="],

    "@jridgewell/source-map": ["@jridgewell/source-map@0.3.11", "", { "dependencies": { "@jridgewell/gen-mapping": "^0.3.5", "@jridgewell/trace-mapping": "^0.3.25" } }, "sha512-ZMp1V8ZFcPG5dIWnQLr3NSI1MiCU7UETdS/A0G8V/XWHvJv3ZsFqutJn1Y5RPmAPX6F3BiE397OqveU/9NCuIA=="],

    "@jridgewell/sourcemap-codec": ["@jridgewell/sourcemap-codec@1.6.0", "", {}, "sha512-T7jf+5zgsZHwNJ4lvQ7/aezbyk0nNX+zJVWpmHA7VYsEx7a7qr5Rg5IbtJFqkgze5Y2sruq1RUY8Q837Od7iFw=="],

    "@jridgewell/trace-mapping": ["@jridgewell/trace-mapping@0.3.31", "", { "dependencies": { "@jridgewell/resolve-uri": "^3.1.0", "@jridgewell/sourcemap-codec": "^1.4.14" } }, "sha512-zzNR+SdQSDJzc8joaeP8QQoCQr8NuYx2dIIytl1QeBEZHJ9uW6hebsrYgbz8hJwUQao3TWCMtmfV8Nu1twOLAw=="],

    "@napi-rs/lzma-linux-x64-gnu": ["@napi-rs/lzma-linux-x64-gnu@1.5.1", "", { "os": "linux", "cpu": "x64" }, "sha512-oTXEIha4SsuXdTA4Iyskj0kpdx2yVXdhd75c2v3xGrHFfVMsbhTPZU/nMPL4sWKo4pBHm3aucLaqGlF696dTyQ=="],

    "@rollup/plugin-terser": ["@rollup/plugin-terser@1.0.0", "", { "dependencies": { "serialize-javascript": "^7.0.3", "smob": "^1.0.0", "terser": "^5.17.4" }, "peerDependencies": { "rollup": "^2.0.0||^3.0.0||^4.0.0" }, "optionalPeers": ["rollup"] }, "sha512-FnCxhTBx6bMOYQrar6C8h3scPt8/JwIzw3+AJ2K++6guogH5fYaIFia+zZuhqv0eo1RN7W1Pz630SyvLbDjhtQ=="],

    "@rollup/rollup-android-arm-eabi": ["@rollup/rollup-android-arm-eabi@4.63.3", "", { "os": "android", "cpu": "arm" }, "sha512-w3Jnvi1ocaVm/c7yVPpfB98XeSRBMyzp6njL5MVVbGyXjpmUkN+s6Hp4t0PqhGCCaI1ZHMKXt/w0lA1RCaLVcw=="],

    "@rollup/rollup-android-arm64": ["@rollup/rollup-android-arm64@4.63.3", "", { "os": "android", "cpu": "arm64" }, "sha512-uI/ESiaIbbRYAEhzy8PCUWDp1hB0bjAqM06mW9flOoNO4Q8DQpeoREhBR5Hegfl+wpXiguyJv6XSPzEN7OxyHQ=="],

    "@rollup/rollup-darwin-arm64": ["@rollup/rollup-darwin-arm64@4.63.3", "", { "os": "darwin", "cpu": "arm64" }, "sha512-oxhrd1jmXLwWZ83eQYDXxuqRdkqkzrjR3JobKeuUyfdNZo11FuQIvqEOZhyIT7OBHxXoGslDDjN0cQcM6T0TqQ=="],

    "@rollup/rollup-darwin-x64": ["@rollup/rollup-darwin-x64@4.63.3", "", { "os": "darwin", "cpu": "x64" }, "sha512-7/YiIMghVE8DrxKvNdorAaJVdriOFgOIpdStnPx8ppx5zfTwC3jBCSEAIzB7JD5404m65THl6H93UTTVUvypmg=="],

    "@rollup/rollup-freebsd-arm64": ["@rollup/rollup-freebsd-arm64@4.63.3", "", { "os": "freebsd", "cpu": "arm64" }, "sha512-GXFZRRoMAytaI5z6N3Zhfw0WL18Q0M8r95D5hlC4GqE/lGk8pbSJNUBoOWDfbm6dTciqHj2nU87tI5f6XhQiOg=="],

    "@rollup/rollup-freebsd-x64": ["@rollup/rollup-freebsd-x64@4.63.3", "", { "os": "freebsd", "cpu": "x64" }, "sha512-77W+8X3ddYgPxUpB8nZFQs2Mq+wc4HVlcSRtApXLjYBcnPMkttrSnU8VwKQjeWYhMsITHFs5cWBQ8vz1Q+5RHQ=="],

    "@rollup/rollup-linux-arm-gnueabihf": ["@rollup/rollup-linux-arm-gnueabihf@4.63.3", "", { "os": "linux", "cpu": "arm" }, "sha512-FVkwK+iUC+mq+GipVK46rRVticfAPtvPUNlqlGXUDxdVk/UGjQiiiUVPUrEXdSpU2ufU0XxLGyTqDtBidDOVmg=="],

    "@rollup/rollup-linux-arm-musleabihf": ["@rollup/rollup-linux-arm-musleabihf@4.63.3", "", { "os": "linux", "cpu": "arm" }, "sha512-+aGU1t3398yQOVj1Bz8o3e+KtswxAPvO+mtxtNdfXYMkXIHu7XhhkCD7/DEH9q8tF8uhDnMWvfpUKI8y1sZJsg=="],

    "@rollup/rollup-linux-arm64-gnu": ["@rollup/rollup-linux-arm64-gnu@4.63.3", "", { "os": "linux", "cpu": "arm64" }, "sha512-cR0kjpRXR2KJ2oQK8E2KTPtphs+b9hZ8IhTZubNryt/RsqgdOZBQ2Zq0q5UedtiIi0rs3jVhJh55RE1ZHUVGUA=="],

    "@rollup/rollup-linux-arm64-musl": ["@rollup/rollup-linux-arm64-musl@4.63.3", "", { "os": "linux", "cpu": "arm64" }, "sha512-y1RYi4Q3/9ByVWSSt9kX2ustE0B7kFYbJ6zZdVZVyqopZs3yhCTwRfrjIX4vezUJInma/Gs6BOFDJg7yZmJ0IQ=="],

    "@rollup/rollup-linux-loong64-gnu": ["@rollup/rollup-linux-loong64-gnu@4.63.3", "", { "os": "linux", "cpu": "none" }, "sha512-DNhEA5viIj3Z5bZLE4z4oV8N5ozWqDwyt7T6KG7VdLDJ0nW+rNOYlphBl4/3HQkK75qipPLsVOfStHHOwN9WSg=="],

    "@rollup/rollup-linux-loong64-musl": ["@rollup/rollup-linux-loong64-musl@4.63.3", "", { "os": "linux", "cpu": "none" }, "sha512-17gQCqrIpXBX2Cmi9/TygnVOqGbzsba/iaqcYSL8FY7lNugg+7AiYNs5c5nKWD+NRQha36Sa0CqkJqH4XVHwnQ=="],

    "@rollup/rollup-linux-ppc64-gnu": ["@rollup/rollup-linux-ppc64-gnu@4.63.3", "", { "os": "linux", "cpu": "ppc64" }, "sha512-6LwVnZRIyINpdku/yOcI8Tm9YqLmhHK5emmlOOnW9tO0SYEm1FmKPcsSAGp0NBlqR2P04xaND4jvN6sTHqhq8A=="],

    "@rollup/rollup-linux-ppc64-musl": ["@rollup/rollup-linux-ppc64-musl@4.63.3", "", { "os": "linux", "cpu": "ppc64" }, "sha512-xMUqkTXlEUtI/p5AAukMwBRr1enU3efsTeF+bskeFfk8t1C9rcC8sLREcZXmTfAXEbvRdJVSonVJez3TMlbR3w=="],

    "@rollup/rollup-linux-riscv64-gnu": ["@rollup/rollup-linux-riscv64-gnu@4.63.3", "", { "os": "linux", "cpu": "none" }, "sha512-S3E94co9F9WRRqEaUoQZ38K1gCz6KiM+nL7/3ijq7fDGF3OznjS5TasgYITlvl27GQKtu4lOAOsr5MFwkijvOA=="],

    "@rollup/rollup-linux-riscv64-musl": ["@rollup/rollup-linux-riscv64-musl@4.63.3", "", { "os": "linux", "cpu": "none" }, "sha512-1QtRDwG42x5BJI3s9mxu5rEjDnfbSnk20HQ9/ylTAYnSwYwxMVb+Vgu34wzzTQ7ogqBybebgQNUDAvZVQ38DbA=="],

    "@rollup/rollup-linux-s390x-gnu": ["@rollup/rollup-linux-s390x-gnu@4.63.3", "", { "os": "linux", "cpu": "s390x" }, "sha512-BQhejF6ZXOpxbngiNTP12GCGQeaDVL2QXGeBVViKIYzFHM5RKxTxwUMB1fr1BeNFphFMpnRqC5QSXFSa4z6UQw=="],

    "@rollup/rollup-linux-x64-gnu": ["@rollup/rollup-linux-x64-gnu@4.63.3", "", { "os": "linux", "cpu": "x64" }, "sha512-SXagRwnI2Wlwlitllu59UK/nGVbD1CKPcNqDplHwIC4BqJcpXFjD32d1R/RbuISa95HdQrZM3/7v4bKiowFaLA=="],

    "@rollup/rollup-linux-x64-musl": ["@rollup/rollup-linux-x64-musl@4.63.3", "", { "os": "linux", "cpu": "x64" }, "sha512-2IPozoEALRCziGqE8O9KMK60PMu5TS1huv4fwoeCexj+WjmcwFtX9CTOVbfXCUqcELAubEwRFPYlzb/WvwY2HQ=="],

    "@rollup/rollup-openbsd-x64": ["@rollup/rollup-openbsd-x64@4.63.3", "", { "os": "openbsd", "cpu": "x64" }, "sha512-AoxqosUHT9IX54hFn2TiN6A7d6ZKTtE6pd2bqWtqkkNJ6HJGaU6FRouGX8L1O7R/ZwsnCnpQrHzb4pDEx+UHRQ=="],

    "@rollup/rollup-openharmony-arm64": ["@rollup/rollup-openharmony-arm64@4.63.3", "", { "os": "none", "cpu": "arm64" }, "sha512-d+CaftKgmkFBzCwezMqqy1d0QNNYugqLCMcYVQWBy5SS2YfeMP8Q8ripkgx9O8IyBXXLHrJ+aaCV4U96usv6Yg=="],

    "@rollup/rollup-win32-arm64-msvc": ["@rollup/rollup-win32-arm64-msvc@4.63.3", "", { "os": "win32", "cpu": "arm64" }, "sha512-xXlDF6nR1eOuXbdDy5Hl5fmtY7teUDevF/k0O7IPoZe4Tpmdv+lgdE5JRsnhQtt37ql9P0VF2kAN9a0OCZdo+Q=="],

    "@rollup/rollup-win32-ia32-msvc": ["@rollup/rollup-win32-ia32-msvc@4.63.3", "", { "os": "win32", "cpu": "ia32" }, "sha512-YtXAgLN+JP7Ay6qG3eWhc7IHMQPzLc8r3uvhAvlJIoCz/4Q32+Bl9Fmnywidh8v1GOIMmymjovfqY9ETAtysvA=="],

    "@rollup/rollup-win32-x64-gnu": ["@rollup/rollup-win32-x64-gnu@4.63.3", "", { "os": "win32", "cpu": "x64" }, "sha512-WuWtSJRNo549vzcfZyEgfqb6zeSgn1F+UE5kQ+BCjzz0W4MGCjntUHkZVc1VRuAM7+ULaSyhiPxD1spyewFvkQ=="],

    "@rollup/rollup-win32-x64-msvc": ["@rollup/rollup-win32-x64-msvc@4.63.3", "", { "os": "win32", "cpu": "x64" }, "sha512-+lIKX7O0+IGe7WuhATaAMMeT7B76vfhXH/l9wLQL+nvyhbw2ohYCKIdWL56JfDu75CWt5oKRP4QFH/jkMtBquA=="],

    "@types/estree": ["@types/estree@1.0.9", "", {}, "sha512-GhdPgy1el4/ImP05X05Uw4cw2/M93BCUmnEvWZNStlCzEKME4Fkk+YpoA5OiHNQmoS7Cafb8Xa3Pya8m1Qrzeg=="],

    "@types/node": ["@types/node@22.20.3", "", { "dependencies": { "undici-types": "~6.21.0" } }, "sha512-DZmzkmwHzXrLPAXPyKNDzlIwMMUZCVacoD25ywdy5YTKGbOx/2ld+Q38Im2zJ0vBuZP5Prd3VZutKZyXwkOS8A=="],

    "@types/whatwg-mimetype": ["@types/whatwg-mimetype@3.0.2", "", {}, "sha512-c2AKvDT8ToxLIOUlN51gTiHXflsfIFisS4pO7pDPoKouJCESkhZnEy623gwP9laCy5lnLDAw1vAzu2vM2YLOrA=="],

    "@types/ws": ["@types/ws@8.18.1", "", { "dependencies": { "@types/node": "*" } }, "sha512-ThVF6DCVhA8kUGy+aazFQ4kXQ7E1Ty7A3ypFOe0IcJV8O/M511G99AW24irKrW56Wt44yG9+ij8FaqoBGkuBXg=="],

    "acorn": ["acorn@8.18.0", "", { "bin": { "acorn": "bin/acorn" } }, "sha512-lGq+9yr1/GuAWaVYIHRjvvySG5/4VfKIvC8EWxStPdcDh/Ka7FG3twP6v4d5BkravUilhIAsG4Qj83t02LWUPQ=="],

    "argparse": ["argparse@1.0.10", "", { "dependencies": { "sprintf-js": "~1.0.2" } }, "sha512-o5Roy6tNG4SL/FOkCAN6RzjiakZS25RLYFrcMttJqbdd8BWrnA+fGz57iN5Pb06pvBGvl5gQ0B48dJlslXvoTg=="],

    "balanced-match": ["balanced-match@4.0.4", "", {}, "sha512-BLrgEcRTwX2o6gGxGOCNyMvGSp35YofuYzw9h1IMTRmKqttAZZVU67bdb9Pr2vUHA8+j3i2tJfjO6C6+4myGTA=="],

    "baseline-browser-mapping": ["baseline-browser-mapping@2.11.24", "", { "bin": { "baseline-browser-mapping": "dist/cli.cjs" } }, "sha512-hYrgxie335U08WqICoGqKRzV1HFXv6zdxwJE4ekCb80CM9a0SVVsN4QPwT67RraRo+9h8IATk6uxHJw7QSkdOg=="],

    "brace-expansion": ["brace-expansion@5.0.12", "", { "dependencies": { "balanced-match": "^4.0.2" } }, "sha512-YovQ3rzhaLMIrDjNDMkNS01tea93qhEhG5xy8f6+R0l+dw3Ki+5sCoIoI942iuLZTHWogWktgwVDhU09iNEimQ=="],

    "browser-stdout": ["browser-stdout@1.3.1", "", {}, "sha512-qhAVI1+Av2X7qelOfAIYwXONood6XlZE/fXaBSmW/T5SzLAmCgzi+eiWE7fUvbHaeNBQH13UftjpXxsfLkMpgw=="],

    "browserslist": ["browserslist@4.29.0", "", { "dependencies": { "baseline-browser-mapping": "^2.11.23", "caniuse-lite": "^1.0.30001810", "electron-to-chromium": "^1.5.427", "node-releases": "^2.0.55", "update-browserslist-db": "^1.3.3" }, "bin": { "browserslist": "cli.js" } }, "sha512-3GSvyjvDI4Dur1Meg2BekJquu5uF+9R9a1+5M1Mde192eZoXbeXjzgOsgqPS2V8D5wrrip0gR5Hf/GhWQ9ZzaA=="],

    "buffer-from": ["buffer-from@1.1.2", "", {}, "sha512-E+XQCRwSbaaiChtv6k6Dwgc+bx+Bs6vuKJHHl5kox/BaKbhiXzqQOwK4cO22yElGp2OCmjwVhT3HmxgyPGnJfQ=="],

    "buffer-image-size": ["buffer-image-size@0.6.4", "", { "dependencies": { "@types/node": "*" } }, "sha512-nEh+kZOPY1w+gcCMobZ6ETUp9WfibndnosbpwB1iJk/8Gt5ZF2bhS6+B6bPYz424KtwsR6Rflc3tCz1/ghX2dQ=="],

    "camelcase": ["camelcase@5.3.1", "", {}, "sha512-L28STB170nwWS63UjtlEOE3dldQApaJXZkOI1uMFfzf3rRuPegHaHesyee+YxQ+W6SvRDQV6UrdOdRiR153wJg=="],

    "caniuse-lite": ["caniuse-lite@1.0.30001810", "", {}, "sha512-TITQPUkaz+aVk5GL6NhOdwk1aEaNTSDPsGFWrTuhKGtjTF70jL/Oht2W4c6rXUe5fu7Ie19VIahAXHIIiWWNeg=="],

    "chokidar": ["chokidar@5.0.0", "", { "dependencies": { "readdirp": "^5.0.0" } }, "sha512-TQMmc3w+5AxjpL8iIiwebF73dRDF4fBIieAqGn9RGCWaEVwQ6Fb2cGe31Yns0RRIzii5goJ1Y7xbMwo1TxMplw=="],

    "commander": ["commander@2.20.3", "", {}, "sha512-GpVkmM8vF2vQUkj2LvZmD35JxeJOLCwJ9cUkugyk2nuhbv3+mJvpLYYt+0+USMxE+oj+ey/lJEnhZw75x/OMcQ=="],

    "convert-source-map": ["convert-source-map@2.0.0", "", {}, "sha512-Kvp459HrV2FEJ1CAsi1Ku+MY3kasH19TFykTz2xWmMeq6bk2NU3XXvfJ+Q61m0xktWwt+1HSYf3JZsTms3aRJg=="],

    "debug": ["debug@4.4.3", "", { "dependencies": { "ms": "^2.1.3" }, "peerDependencies": { "supports-color": "*" }, "optionalPeers": ["supports-color"] }, "sha512-RGwwWnwQvkVfavKVt22FGLw+xYSdzARwm0ru6DhTVA3umU5hZc28V3kO4stgYryrTlLpuvgI9GiijltAjNbcqA=="],

    "diff": ["diff@9.0.0", "", {}, "sha512-svtcdpS8CgJyqAjEQIXdb3OjhFVVYjzGAPO8WGCmRbrml64SPw/jJD4GoE98aR7r25A0XcgrK3F02yw9R/vhQw=="],

    "electron-to-chromium": ["electron-to-chromium@1.5.429", "", {}, "sha512-/1ENIE3cx4HTIx4IfPZFaOunJmsrSVTnj6coXoRVbiJUbkeTyFkJvBeWGkdgh08OhFbxYLMT1kbkwFVSarq6Ow=="],

    "entities": ["entities@7.0.1", "", {}, "sha512-TWrgLOFUQTH994YUyl1yT4uyavY5nNB5muff+RtWaqNVCAK408b5ZnnbNAUEWLTCpum9w6arT70i1XdQ4UeOPA=="],

    "escalade": ["escalade@3.2.0", "", {}, "sha512-WUj2qlxaQtO4g6Pq5c29GTcWGDyd8itL8zTlipgECz3JesAiiOKotd8JU6otB3PACgG6xkJUyVhboMS+bje/jA=="],

    "esprima": ["esprima@4.0.1", "", { "bin": { "esparse": "./bin/esparse.js", "esvalidate": "./bin/esvalidate.js" } }, "sha512-eGuFFw7Upda+g4p+QHvnW0RyTX/SVeJBDM/gCtMARO0cLuT2HcEKnTPvhjV6aGeqrCB/sbNop0Kszm0jsaWU4A=="],

    "find-up": ["find-up@4.1.0", "", { "dependencies": { "locate-path": "^5.0.0", "path-exists": "^4.0.0" } }, "sha512-PpOwAdQ/YlXQ2vj8a3h8IipDuYRi3wceVQQGYWxNINccq40Anw7BlsEXCMbt1Zt+OLA6Fq9suIpIWD0OsnISlw=="],

    "find-up-simple": ["find-up-simple@1.0.1", "", {}, "sha512-afd4O7zpqHeRyg4PfDQsXmlDe2PfdHtJt6Akt8jOWaApLOZk5JXs6VMR29lz03pRe9mpykrRCYIYxaJYcfpncQ=="],

    "fsevents": ["fsevents@2.3.3", "", { "os": "darwin" }, "sha512-5xoDfX+fL7faATnagmWPpbFtwh/R77WmMMqqHGS65C3vvB0YHrgF+B1YmZ3441tMj5n63k0212XNoJwzlhffQw=="],

    "gensync": ["gensync@1.0.0-beta.2", "", {}, "sha512-3hN7NaskYvMDLQY55gnW3NQ+mesEAepTqlg+VEbj7zzqEMBVNhzcGYYeqFo/TlYz6eQiFcp1HcsCZO+nGgS8zg=="],

    "get-package-type": ["get-package-type@0.1.0", "", {}, "sha512-pjzuKtY64GYfWizNAJ0fr9VqttZkNiK2iS430LtIHzjBEr6bX8Am2zm4sW4Ro5wjWW5cAlRL1qAMTcXbjNAO2Q=="],

    "glob": ["glob@13.0.6", "", { "dependencies": { "minimatch": "^10.2.2", "minipass": "^7.1.3", "path-scurry": "^2.0.2" } }, "sha512-Wjlyrolmm8uDpm/ogGyXZXb1Z+Ca2B8NbJwqBVg0axK9GbBeoS7yGV6vjXnYdGm6X53iehEuxxbyiKp8QmN4Vw=="],

    "happy-dom": ["happy-dom@20.14.5", "", { "dependencies": { "@types/node": ">=20.0.0", "@types/whatwg-mimetype": "^3.0.2", "@types/ws": "^8.18.1", "buffer-image-size": "^0.6.4", "entities": "^7.0.1", "whatwg-mimetype": "^3.0.0", "ws": "^8.21.0" } }, "sha512-x/RzkpWO40bTjIoT30iQtt64FLLmH/iRcUCN2X//bLx7H3ifkdfPXyqsro/OYtqzIAhiLMMA7mmiOR9C3NOKjQ=="],

    "has-flag": ["has-flag@4.0.0", "", {}, "sha512-EykJT/Q1KjTWctppgIAgfSO0tKVuZUjhgMr17kqTumMl6Afv3EISleU7qZUzoXDFTAHTDC4NOoG/ZxU3EvlMPQ=="],

    "html-escaper": ["html-escaper@2.0.2", "", {}, "sha512-H2iMtd0I4Mt5eYiapRdIDjp+XzelXQ0tFE4JS7YFwFevXXMmOp9myNrUvCg0D6ws8iqkRPBfKHgbwig1SmlLfg=="],

    "is-path-inside": ["is-path-inside@4.0.0", "", {}, "sha512-lJJV/5dYS+RcL8uQdBDW9c9uWFLLBNRyFhnAKXw5tVqLlKZ4RMGZKv+YQ/IA3OhD+RpbJa1LLFM1FQPGyIXvOA=="],

    "is-unicode-supported": ["is-unicode-supported@0.1.0", "", {}, "sha512-knxG2q4UC3u8stRGyAVJCOdxFmv5DZiRcdlIaAQXAbSfJya+OhopNotLQrstBhququ4ZpuKbDc/8S6mgXgPFPw=="],

    "istanbul-lib-coverage": ["istanbul-lib-coverage@3.2.2", "", {}, "sha512-O8dpsF+r0WV/8MNRKfnmrtCWhuKjxrq2w+jpzBL5UZKTi2LeVWnWOmWRxFlesJONmc+wLAGvKQZEOanko0LFTg=="],

    "istanbul-lib-instrument": ["istanbul-lib-instrument@6.0.3", "", { "dependencies": { "@babel/core": "^7.23.9", "@babel/parser": "^7.23.9", "@istanbuljs/schema": "^0.1.3", "istanbul-lib-coverage": "^3.2.0", "semver": "^7.5.4" } }, "sha512-Vtgk7L/R2JHyyGW07spoFlB8/lpjiOLTjMdms6AFMraYt3BaJauod/NGrfnVG/y4Ix1JEuMRPDPEj2ua+zz1/Q=="],

    "istanbul-lib-report": ["istanbul-lib-report@3.0.1", "", { "dependencies": { "istanbul-lib-coverage": "^3.0.0", "make-dir": "^4.0.0", "supports-color": "^7.1.0" } }, "sha512-GCfE1mtsHGOELCU8e/Z7YWzpmybrx/+dSTfLrvY8qRmaY6zXTKWn6WQIjaAFw069icm6GVMNkgu0NzI4iPZUNw=="],

    "istanbul-reports": ["istanbul-reports@3.2.0", "", { "dependencies": { "html-escaper": "^2.0.0", "istanbul-lib-report": "^3.0.0" } }, "sha512-HGYWWS/ehqTV3xN10i23tkPkpH46MLCIMFNCaaKNavAXTF1RkqxawEPtnjnGZ6XKSInBKkiOA5BKS+aZiY3AvA=="],

    "js-tokens": ["js-tokens@4.0.0", "", {}, "sha512-RdJUflcE3cUzKiMqQgsCu06FPu9UdIJO0beYbPhHN4k6apgJtifcoCtT9bcxOpYBtpD2kCM6Sbzg4CausW/PKQ=="],

    "js-yaml": ["js-yaml@3.15.2", "", { "dependencies": { "argparse": "^1.0.7", "esprima": "^4.0.0" }, "bin": { "js-yaml": "bin/js-yaml.js" } }, "sha512-6EuL879VkRA+1Cz578mKMiKvjPNEuk6+r1JaFzoSWejZmtf7xWbIyw1e3KkxlkzTIt9Taw6JBhEppG7utc1P+w=="],

    "jsesc": ["jsesc@3.1.0", "", { "bin": { "jsesc": "bin/jsesc" } }, "sha512-/sM3dO2FOzXjKQhJuo0Q173wf2KOo8t4I8vHy6lF9poUp7bKT0/NHE8fPX23PwfhnykfqnC2xRxOnVw5XuGIaA=="],

    "json-stringify-pretty-compact": ["json-stringify-pretty-compact@4.0.0", "", {}, "sha512-3CNZ2DnrpByG9Nqj6Xo8vqbjT4F6N+tb4Gb28ESAZjYZ5yqvmc56J+/kuIwkaAMOyblTQhUW7PxMkUb8Q36N3Q=="],

    "json5": ["json5@2.2.3", "", { "bin": { "json5": "lib/cli.js" } }, "sha512-XmOWe7eyHYH14cLdVPoyg+GOH3rYX++KpzrylJwSW98t3Nk+U8XOl8FWKOgwtzdb8lXGf6zYwDUzeHMWfxasyg=="],

    "locate-path": ["locate-path@5.0.0", "", { "dependencies": { "p-locate": "^4.1.0" } }, "sha512-t7hw9pI+WvuwNJXwk5zVHpyhIqzg2qTlklJOf0mVxGSbe3Fp2VieZcduNYjaLDoy6p9uGpQEGWG87WpMKlNq8g=="],

    "lru-cache": ["lru-cache@5.1.1", "", { "dependencies": { "yallist": "^3.0.2" } }, "sha512-KpNARQA3Iwv+jTA0utUVVbrh+Jlrr1Fv0e56GGzAFOXN7dk/FviaDW8LHmK52DlcH4WP2n6gI8vN1aesBFgo9w=="],

    "make-dir": ["make-dir@4.0.0", "", { "dependencies": { "semver": "^7.5.3" } }, "sha512-hXdUTZYIVOt1Ex//jAQi+wTZZpUpwBj/0QsOzqegb3rGMMeJiSEu5xLHnYfBrRV4RH2+OCSOO95Is/7x1WJ4bw=="],

    "minimatch": ["minimatch@10.2.6", "", { "dependencies": { "brace-expansion": "^5.0.8" } }, "sha512-vpLQEs+VLCr1nU0BXS07maYoFwlDAH0gngQuuttxIwutDFEMHq2blX+8vpgxDdK3J1PwjCJiep77OitTZ4Ll1A=="],

    "minipass": ["minipass@7.1.3", "", {}, "sha512-tEBHqDnIoM/1rXME1zgka9g6Q2lcoCkxHLuc7ODJ5BxbP5d4c2Z5cGgtXAku59200Cx7diuHTOYfSBD8n6mm8A=="],

    "mocha": ["mocha@12.0.2", "", { "dependencies": { "browser-stdout": "^1.3.1", "chokidar": "^5.0.0", "debug": "^4.3.5", "diff": "^9.0.0", "find-up-simple": "^1.0.1", "glob": "^13.0.0", "is-path-inside": "^4.0.0", "is-unicode-supported": "^0.1.0", "js-yaml": "^5.0.0", "minimatch": "^10.2.2", "ms": "^2.1.3", "picocolors": "^1.1.1", "serialize-javascript": "^7.1.1", "strip-json-comments": "^5.0.3", "supports-color": "^8.1.1", "workerpool": "^10.0.0" }, "bin": { "mocha": "bin/mocha.js" } }, "sha512-SjAulGHxlMJLCD1bhvJBAiYwYxglydRzA9PDQ5MALq1oLRMMtIhxSQJ0olCFgA7c9YbTdxC0KOV0wl8JEDYVhA=="],

    "ms": ["ms@2.1.3", "", {}, "sha512-6FlzubTLZG3J2a/NVCAleEhjzq5oxgHyaCU9yYXvcLsvoVaHJq/s5xXI6/XXP6tz7R9xAOtHnSO/tXtF3WRTlA=="],

    "node-releases": ["node-releases@2.0.55", "", {}, "sha512-mIrE/Cw9y+9Au6dS5vDKDhQza9YvG6w+ZrS6X+ZzA7yFW/soAeaups4Qzn1bL6g5FVy8WtP79+0j82oPIbqRjQ=="],

    "p-limit": ["p-limit@2.3.0", "", { "dependencies": { "p-try": "^2.0.0" } }, "sha512-//88mFWSJx8lxCzwdAABTJL2MyWB12+eIY7MDL2SqLmAkeKU9qxRvWuSyTjm3FUmpBEMuFfckAIqEaVGUDxb6w=="],

    "p-locate": ["p-locate@4.1.0", "", { "dependencies": { "p-limit": "^2.2.0" } }, "sha512-R79ZZ/0wAxKGu3oYMlz8jy/kbhsNrS7SKZ7PxEHBgJ5+F2mtFW2fK2cOtBh1cHYkQsbzFV7I+EoRKe6Yt0oK7A=="],

    "p-try": ["p-try@2.2.0", "", {}, "sha512-R4nPAVTAU0B9D35/Gk3uJf/7XYbQcyohSKdvAxIRSNghFl4e71hVoGnBNQz9cWaXxO2I10KTC+3jMdvvoKw6dQ=="],

    "path-exists": ["path-exists@4.0.0", "", {}, "sha512-ak9Qy5Q7jYb2Wwcey5Fpvg2KoAc/ZIhLSLOSBmRmygPsGwkVVt0fZa0qrtMz+m6tJTAHfZQ8FnmB4MG4LWy7/w=="],

    "path-scurry": ["path-scurry@2.0.2", "", { "dependencies": { "lru-cache": "^11.0.0", "minipass": "^7.1.2" } }, "sha512-3O/iVVsJAPsOnpwWIeD+d6z/7PmqApyQePUtCndjatj/9I5LylHvt5qluFaBT3I5h3r1ejfR056c+FCv+NnNXg=="],

    "picocolors": ["picocolors@1.1.1", "", {}, "sha512-xceH2snhtb5M9liqDsmEw56le376mTZkEX/jEb/RxNFyegNul7eNslCXP9FDj/Lcu0X8KEyMceP2ntpaHrDEVA=="],

    "readdirp": ["readdirp@5.1.1", "", {}, "sha512-Kko+Y5XQ6fM+Ce3dq3m9YGxnacYZYl9cA1wZjaF3Vbry2L3i1qVg8+CAgNPsXRArPMUMCaOR7oa9Nqntc43JKA=="],

    "resolve-from": ["resolve-from@5.0.0", "", {}, "sha512-qYg9KP24dD5qka9J47d0aVky0N+b4fTU89LN9iDnjB5waksiC49rvMB0PrUJQGoTmH50XPiqOvAjDfaijGxYZw=="],

    "rollup": ["rollup@4.63.3", "", { "dependencies": { "@types/estree": "1.0.9" }, "optionalDependencies": { "@napi-rs/lzma-linux-x64-gnu": "1.5.1", "@rollup/rollup-android-arm-eabi": "4.63.3", "@rollup/rollup-android-arm64": "4.63.3", "@rollup/rollup-darwin-arm64": "4.63.3", "@rollup/rollup-darwin-x64": "4.63.3", "@rollup/rollup-freebsd-arm64": "4.63.3", "@rollup/rollup-freebsd-x64": "4.63.3", "@rollup/rollup-linux-arm-gnueabihf": "4.63.3", "@rollup/rollup-linux-arm-musleabihf": "4.63.3", "@rollup/rollup-linux-arm64-gnu": "4.63.3", "@rollup/rollup-linux-arm64-musl": "4.63.3", "@rollup/rollup-linux-loong64-gnu": "4.63.3", "@rollup/rollup-linux-loong64-musl": "4.63.3", "@rollup/rollup-linux-ppc64-gnu": "4.63.3", "@rollup/rollup-linux-ppc64-musl": "4.63.3", "@rollup/rollup-linux-riscv64-gnu": "4.63.3", "@rollup/rollup-linux-riscv64-musl": "4.63.3", "@rollup/rollup-linux-s390x-gnu": "4.63.3", "@rollup/rollup-linux-x64-gnu": "4.63.3", "@rollup/rollup-linux-x64-musl": "4.63.3", "@rollup/rollup-openbsd-x64": "4.63.3", "@rollup/rollup-openharmony-arm64": "4.63.3", "@rollup/rollup-win32-arm64-msvc": "4.63.3", "@rollup/rollup-win32-ia32-msvc": "4.63.3", "@rollup/rollup-win32-x64-gnu": "4.63.3", "@rollup/rollup-win32-x64-msvc": "4.63.3", "fsevents": "~2.3.2" }, "bin": { "rollup": "dist/bin/rollup" } }, "sha512-1i2XreiAoMMXuPGD6Msj2xWrMMkHojNRKivInxGQcg7/1KuPuYlfUutLyh4drnOxUTHX9cHI4wFoat8D/NKaBw=="],

    "semver": ["semver@7.8.5", "", { "bin": { "semver": "bin/semver.js" } }, "sha512-Y7/KDsb8LjooZpwaqGyulO6DQlksgCncchHGk+sZIY4SBvUocMBEFH5Ur1fI4dV+Jvl0w6cjvucaIi40puRioA=="],

    "serialize-javascript": ["serialize-javascript@7.1.1", "", {}, "sha512-k3CMsaIvvdSwm8oLB4MXSl0wH2/cwlH7xGcnRd2DaeRmBkbzYmyT8j0tsX60DwD1eRwHTpNpH8ljKu9oUT1MeQ=="],

    "smob": ["smob@1.6.2", "", {}, "sha512-RQsvleCbF8cVHEv+xuDGaA4pOizFqJ0GgjtMSRo6oP8pnN7WsigHgVGey6aILRBKv4W2YOMHLqbKdnB6hpB9fw=="],

    "source-map": ["source-map@0.6.1", "", {}, "sha512-UjgapumWlbMhkBgzT7Ykc5YXUT46F0iKu8SGXq0bcwP5dz/h0Plj6enJqjz1Zbq2l5WaqYnrVbwWOWMyF3F47g=="],

    "source-map-support": ["source-map-support@0.5.21", "", { "dependencies": { "buffer-from": "^1.0.0", "source-map": "^0.6.0" } }, "sha512-uBHU3L3czsIyYXKX88fdrGovxdSCoTGDRZ6SYXtSRxLZUzHg5P/66Ht6uoUlHu9EZod+inXhKo3qQgwXUT/y1w=="],

    "sprintf-js": ["sprintf-js@1.0.3", "", {}, "sha512-D9cPgkvLlV3t3IzL0D0YLvGA9Ahk4PcvVwUbN0dSGr1aP0Nrt4AEnTUbuGvquEC0mA64Gqt1fzirlRs5ibXx8g=="],

    "strip-json-comments": ["strip-json-comments@5.0.3", "", {}, "sha512-1tB5mhVo7U+ETBKNf92xT4hrQa3pm0MZ0PQvuDnWgAAGHDsfp4lPSpiS6psrSiet87wyGPh9ft6wmhOMQ0hDiw=="],

    "supports-color": ["supports-color@7.2.0", "", { "dependencies": { "has-flag": "^4.0.0" } }, "sha512-qpCAvRl9stuOHveKsn7HncJRvv501qIacKzQlO/+Lwxc9+0q2wLyv4Dfvt80/DPn2pqOBsJdDiogXGR9+OvwRw=="],

    "terser": ["terser@5.51.2", "", { "dependencies": { "@jridgewell/source-map": "^0.3.3", "acorn": "^8.15.0", "commander": "^2.20.0", "source-map-support": "~0.5.20" }, "bin": { "terser": "bin/terser" } }, "sha512-bWnjSNscmuI+GJze6ZupnHP8G/cTcsJF+bXCeQknk2SHQsgbNJnLrqiH9jZ2W4STPVXH2mDKKRX3iwPhc9Cn/Q=="],

    "test-exclude": ["test-exclude@8.0.0", "", { "dependencies": { "@istanbuljs/schema": "^0.1.2", "glob": "^13.0.6", "minimatch": "^10.2.2" } }, "sha512-ZOffsNrXYggvU1mDGHk54I96r26P8SyMjO5slMKSc7+IWmtB/MQKnEC2fP51imB3/pT6YK5cT5E8f+Dd9KdyOQ=="],

    "undici-types": ["undici-types@6.21.0", "", {}, "sha512-iwDZqg0QAGrg9Rav5H4n0M64c3mkR59cJ6wQp+7C4nI0gsmExaedaYLNO44eT4AtBBwjbTiGPMlt2Md0T9H9JQ=="],

    "update-browserslist-db": ["update-browserslist-db@1.3.3", "", { "dependencies": { "escalade": "^3.2.0", "picocolors": "^1.1.1" }, "peerDependencies": { "browserslist": ">= 4.21.0" }, "bin": { "update-browserslist-db": "cli.js" } }, "sha512-pJ2sYawQS0R/WI928Gj5GlPhTGzbMelq0+4INtSYNDV9ErKJcX6xjGWkoG/VnB3dpUm00zALaqkrUD77pO5TDQ=="],

    "whatwg-mimetype": ["whatwg-mimetype@3.0.0", "", {}, "sha512-nt+N2dzIutVRxARx1nghPKGv1xHikU7HKdfafKkLNLindmPU/ch3U31NOCGGA/dmPcmb1VlofO0vnKAcsm0o/Q=="],

    "workerpool": ["workerpool@10.0.3", "", {}, "sha512-6z2Iis68Wqth93/G/wJP9u+R3O+d2XTlgWChGCwuT1qLbBsOYueGRZuJ++v3mtDP5KjYdy+WzvWC+VWETSVXJA=="],

    "ws": ["ws@8.21.3", "", { "peerDependencies": { "bufferutil": "^4.0.1", "utf-8-validate": ">=5.0.2" }, "optionalPeers": ["bufferutil", "utf-8-validate"] }, "sha512-201TZ/kPWxoPr/OKWjquZR1SWKXcvxdH+e1xrx89b3YbmzLMFCLfnaG1HFIgWzJOEWZ7MvpK++odZufgYR50Rw=="],

    "yallist": ["yallist@3.1.1", "", {}, "sha512-a4UGQaWPH59mOXUYnAG2ewncQS4i4F43Tv3JoAM+s2VDAmS9NsK8GpDMLrCHPksFT7h3K6TOoUNn2pb7RoXx4g=="],

    "@babel/core/semver": ["semver@6.3.1", "", { "bin": { "semver": "bin/semver.js" } }, "sha512-BR7VvDCVHO+q2xBEWskxS6DJE1qRnb7DxzUrogb71CWoSficBxYsiAGd+Kl0mmq/MprG9yArRkyrQxTO6XjMzA=="],

    "@babel/helper-compilation-targets/semver": ["semver@6.3.1", "", { "bin": { "semver": "bin/semver.js" } }, "sha512-BR7VvDCVHO+q2xBEWskxS6DJE1qRnb7DxzUrogb71CWoSficBxYsiAGd+Kl0mmq/MprG9yArRkyrQxTO6XjMzA=="],

    "mocha/js-yaml": ["js-yaml@5.4.2", "", { "dependencies": { "argparse": "^2.0.1" }, "bin": { "js-yaml": "bin/js-yaml.mjs" } }, "sha512-m+aqu+LwO1O6sIopafj8HUVl5aawITwZQe/yHpMCKjaWBaA/d07B/QdMb3529REftiU+RMMHL3Vlsw3hON7vWg=="],

    "mocha/supports-color": ["supports-color@8.1.1", "", { "dependencies": { "has-flag": "^4.0.0" } }, "sha512-MpUEN2OodtUzxvKQl72cUF7RQ5EiHsGvSsVG0ia9c5RbWGL2CI4C7EpPS8UTBIplnlzZiNuV56w+FuNxy3ty2Q=="],

    "path-scurry/lru-cache": ["lru-cache@11.5.2", "", {}, "sha512-4pfM1Ff0x50o0tQwb5ucw/RzNyD0/YJME6IVcStalZuMWxdt3sR3huStTtxz4PUmvZfRguvDejasvQ2kifR11g=="],

    "mocha/js-yaml/argparse": ["argparse@2.0.1", "", {}, "sha512-8+9WqebbFzpX9OR+Wa6O29asIogeRMzcGtAINdpMHHyAg10f05aSFVBbcEqGf/PXw1EjAZ+q2/bEBg3DvurK3Q=="],
  }
}
